lockfileVersion: 5.3

specifiers:
  '@koa/router': ^10.1.1
  '@types/koa': ^2.13.4
  '@types/koa-bodyparser': ^4.3.3
  '@types/koa__router': ^8.0.8
  '@types/node': ^16.9.6
  koa: ^2.13.3
  koa-bodyparser: ^4.3.0
  rehype-parse: ^8.0.3
  rehype-remark: ^9.0.0
  remark-parse: ^10.0.0
  remark-stringify: ^10.0.0
  ts-node: ^10.2.1
  typescript: ^4.4.3
  unified: ^10.1.0

dependencies:
  '@koa/router': 10.1.1
  koa: 2.13.3
  koa-bodyparser: 4.3.0
  rehype-parse: 8.0.3
  rehype-remark: 9.0.0
  remark-parse: 10.0.0
  remark-stringify: 10.0.0
  unified: 10.1.0

devDependencies:
  '@types/koa': 2.13.4
  '@types/koa-bodyparser': 4.3.3
  '@types/koa__router': 8.0.8
  '@types/node': 16.9.6
  ts-node: 10.2.1_48cf0e1f5c27c5317da4120390b4c470
  typescript: 4.4.3

packages:

  /@cspotcode/source-map-consumer/0.8.0:
    resolution: {integrity: sha512-41qniHzTU8yAGbCp04ohlmSrZf8bkf/iJsl3V0dRGsQN/5GFfx+LbCSsCpp2gqrqjTVg/K6O8ycoV35JIwAzAg==}
    engines: {node: '>= 12'}
    dev: true

  /@cspotcode/source-map-support/0.6.1:
    resolution: {integrity: sha512-DX3Z+T5dt1ockmPdobJS/FAsQPW4V4SrWEhD2iYQT2Cb2tQsiMnYxrcUH9By/Z3B+v0S5LMBkQtV/XOBbpLEOg==}
    engines: {node: '>=12'}
    dependencies:
      '@cspotcode/source-map-consumer': 0.8.0
    dev: true

  /@koa/router/10.1.1:
    resolution: {integrity: sha512-ORNjq5z4EmQPriKbR0ER3k4Gh7YGNhWDL7JBW+8wXDrHLbWYKYSJaOJ9aN06npF5tbTxe2JBOsurpJDAvjiXKw==}
    engines: {node: '>= 8.0.0'}
    dependencies:
      debug: 4.3.2
      http-errors: 1.8.0
      koa-compose: 4.1.0
      methods: 1.1.2
      path-to-regexp: 6.2.0
    transitivePeerDependencies:
      - supports-color
    dev: false

  /@tsconfig/node10/1.0.8:
    resolution: {integrity: sha512-6XFfSQmMgq0CFLY1MslA/CPUfhIL919M1rMsa5lP2P097N2Wd1sSX0tx1u4olM16fLNhtHZpRhedZJphNJqmZg==}
    dev: true

  /@tsconfig/node12/1.0.9:
    resolution: {integrity: sha512-/yBMcem+fbvhSREH+s14YJi18sp7J9jpuhYByADT2rypfajMZZN4WQ6zBGgBKp53NKmqI36wFYDb3yaMPurITw==}
    dev: true

  /@tsconfig/node14/1.0.1:
    resolution: {integrity: sha512-509r2+yARFfHHE7T6Puu2jjkoycftovhXRqW328PDXTVGKihlb1P8Z9mMZH04ebyajfRY7dedfGynlrFHJUQCg==}
    dev: true

  /@tsconfig/node16/1.0.2:
    resolution: {integrity: sha512-eZxlbI8GZscaGS7kkc/trHTT5xgrjH3/1n2JDwusC9iahPKWMRvRjJSAN5mCXviuTGQ/lHnhvv8Q1YTpnfz9gA==}
    dev: true

  /@types/accepts/1.3.5:
    resolution: {integrity: sha512-jOdnI/3qTpHABjM5cx1Hc0sKsPoYCp+DP/GJRGtDlPd7fiV9oXGGIcjW/ZOxLIvjGz8MA+uMZI9metHlgqbgwQ==}
    dependencies:
      '@types/node': 16.9.6
    dev: true

  /@types/body-parser/1.19.1:
    resolution: {integrity: sha512-a6bTJ21vFOGIkwM0kzh9Yr89ziVxq4vYH2fQ6N8AeipEzai/cFK6aGMArIkUeIdRIgpwQa+2bXiLuUJCpSf2Cg==}
    dependencies:
      '@types/connect': 3.4.35
      '@types/node': 16.9.6
    dev: true

  /@types/connect/3.4.35:
    resolution: {integrity: sha512-cdeYyv4KWoEgpBISTxWvqYsVy444DOqehiF3fM3ne10AmJ62RSyNkUnxMJXHQWRQQX2eR94m5y1IZyDwBjV9FQ==}
    dependencies:
      '@types/node': 16.9.6
    dev: true

  /@types/content-disposition/0.5.4:
    resolution: {integrity: sha512-0mPF08jn9zYI0n0Q/Pnz7C4kThdSt+6LD4amsrYDDpgBfrVWa3TcCOxKX1zkGgYniGagRv8heN2cbh+CAn+uuQ==}
    dev: true

  /@types/cookies/0.7.7:
    resolution: {integrity: sha512-h7BcvPUogWbKCzBR2lY4oqaZbO3jXZksexYJVFvkrFeLgbZjQkU4x8pRq6eg2MHXQhY0McQdqmmsxRWlVAHooA==}
    dependencies:
      '@types/connect': 3.4.35
      '@types/express': 4.17.13
      '@types/keygrip': 1.0.2
      '@types/node': 16.9.6
    dev: true

  /@types/debug/4.1.7:
    resolution: {integrity: sha512-9AonUzyTjXXhEOa0DnqpzZi6VHlqKMswga9EXjpXnnqxwLtdvPPtlO8evrI5D9S6asFRCQ6v+wpiUKbw+vKqyg==}
    dependencies:
      '@types/ms': 0.7.31
    dev: false

  /@types/express-serve-static-core/4.17.24:
    resolution: {integrity: sha512-3UJuW+Qxhzwjq3xhwXm2onQcFHn76frIYVbTu+kn24LFxI+dEhdfISDFovPB8VpEgW8oQCTpRuCe+0zJxB7NEA==}
    dependencies:
      '@types/node': 16.9.6
      '@types/qs': 6.9.7
      '@types/range-parser': 1.2.4
    dev: true

  /@types/express/4.17.13:
    resolution: {integrity: sha512-6bSZTPaTIACxn48l50SR+axgrqm6qXFIxrdAKaG6PaJk3+zuUr35hBlgT7vOmJcum+OEaIBLtHV/qloEAFITeA==}
    dependencies:
      '@types/body-parser': 1.19.1
      '@types/express-serve-static-core': 4.17.24
      '@types/qs': 6.9.7
      '@types/serve-static': 1.13.10
    dev: true

  /@types/extend/3.0.1:
    resolution: {integrity: sha512-R1g/VyKFFI2HLC1QGAeTtCBWCo6n75l41OnsVYNbmKG+kempOESaodf6BeJyUM3Q0rKa/NQcTHbB2+66lNnxLw==}
    dev: false

  /@types/hast/2.3.4:
    resolution: {integrity: sha512-wLEm0QvaoawEDoTRwzTXp4b4jpwiJDvR5KMnFnVodm3scufTlBOWRD6N1OBf9TZMhjlNsSfcO5V+7AF4+Vy+9g==}
    dependencies:
      '@types/unist': 2.0.6
    dev: false

  /@types/http-assert/1.5.3:
    resolution: {integrity: sha512-FyAOrDuQmBi8/or3ns4rwPno7/9tJTijVW6aQQjK02+kOQ8zmoNg2XJtAuQhvQcy1ASJq38wirX5//9J1EqoUA==}
    dev: true

  /@types/http-errors/1.8.1:
    resolution: {integrity: sha512-e+2rjEwK6KDaNOm5Aa9wNGgyS9oSZU/4pfSMMPYNOfjvFI0WVXm29+ITRFr6aKDvvKo7uU1jV68MW4ScsfDi7Q==}
    dev: true

  /@types/keygrip/1.0.2:
    resolution: {integrity: sha512-GJhpTepz2udxGexqos8wgaBx4I/zWIDPh/KOGEwAqtuGDkOUJu5eFvwmdBX4AmB8Odsr+9pHCQqiAqDL/yKMKw==}
    dev: true

  /@types/koa-bodyparser/4.3.3:
    resolution: {integrity: sha512-/ileIpXsy1fFEzgZhZ07eZH8rAVL7jwuk/kaoVEfauO6s80g2LIDIJKEyDbuAL9S/BWflKzEC0PHD6aXkmaSbw==}
    dependencies:
      '@types/koa': 2.13.4
    dev: true

  /@types/koa-compose/3.2.5:
    resolution: {integrity: sha512-B8nG/OoE1ORZqCkBVsup/AKcvjdgoHnfi4pZMn5UwAPCbhk/96xyv284eBYW8JlQbQ7zDmnpFr68I/40mFoIBQ==}
    dependencies:
      '@types/koa': 2.13.4
    dev: true

  /@types/koa/2.13.4:
    resolution: {integrity: sha512-dfHYMfU+z/vKtQB7NUrthdAEiSvnLebvBjwHtfFmpZmB7em2N3WVQdHgnFq+xvyVgxW5jKDmjWfLD3lw4g4uTw==}
    dependencies:
      '@types/accepts': 1.3.5
      '@types/content-disposition': 0.5.4
      '@types/cookies': 0.7.7
      '@types/http-assert': 1.5.3
      '@types/http-errors': 1.8.1
      '@types/keygrip': 1.0.2
      '@types/koa-compose': 3.2.5
      '@types/node': 16.9.6
    dev: true

  /@types/koa__router/8.0.8:
    resolution: {integrity: sha512-9pGCaDtzCsj4HJ8HmGuqzk8+s57sPj4njWd08GG5o92n5Xp9io2snc40CPpXFhoKcZ8OKhuu6ht4gNou9e1C2w==}
    dependencies:
      '@types/koa': 2.13.4
    dev: true

  /@types/mdast/3.0.10:
    resolution: {integrity: sha512-W864tg/Osz1+9f4lrGTZpCSO5/z4608eUp19tbozkq2HJK6i3z1kT0H9tlADXuYIb1YYOBByU4Jsqkk75q48qA==}
    dependencies:
      '@types/unist': 2.0.6
    dev: false

  /@types/mime/1.3.2:
    resolution: {integrity: sha512-YATxVxgRqNH6nHEIsvg6k2Boc1JHI9ZbH5iWFFv/MTkchz3b1ieGDa5T0a9RznNdI0KhVbdbWSN+KWWrQZRxTw==}
    dev: true

  /@types/ms/0.7.31:
    resolution: {integrity: sha512-iiUgKzV9AuaEkZqkOLDIvlQiL6ltuZd9tGcW3gwpnX8JbuiuhFlEGmmFXEXkN50Cvq7Os88IY2v0dkDqXYWVgA==}
    dev: false

  /@types/node/16.9.6:
    resolution: {integrity: sha512-YHUZhBOMTM3mjFkXVcK+WwAcYmyhe1wL4lfqNtzI0b3qAy7yuSetnM7QJazgE5PFmgVTNGiLOgRFfJMqW7XpSQ==}
    dev: true

  /@types/parse5/6.0.1:
    resolution: {integrity: sha512-ARATsLdrGPUnaBvxLhUlnltcMgn7pQG312S8ccdYlnyijabrX9RN/KN/iGj9Am96CoW8e/K9628BA7Bv4XHdrA==}
    dev: false

  /@types/qs/6.9.7:
    resolution: {integrity: sha512-FGa1F62FT09qcrueBA6qYTrJPVDzah9a+493+o2PCXsesWHIn27G98TsSMs3WPNbZIEj4+VJf6saSFpvD+3Zsw==}
    dev: true

  /@types/range-parser/1.2.4:
    resolution: {integrity: sha512-EEhsLsD6UsDM1yFhAvy0Cjr6VwmpMWqFBCb9w07wVugF7w9nfajxLuVmngTIpgS6svCnm6Vaw+MZhoDCKnOfsw==}
    dev: true

  /@types/serve-static/1.13.10:
    resolution: {integrity: sha512-nCkHGI4w7ZgAdNkrEu0bv+4xNV/XDqW+DydknebMOQwkpDGx8G+HTlj7R7ABI8i8nKxVw0wtKPi1D+lPOkh4YQ==}
    dependencies:
      '@types/mime': 1.3.2
      '@types/node': 16.9.6
    dev: true

  /@types/unist/2.0.6:
    resolution: {integrity: sha512-PBjIUxZHOuj0R15/xuwJYjFi+KZdNFrehocChv4g5hu6aFroHue8m0lBP0POdK2nKzbw0cgV1mws8+V/JAcEkQ==}
    dev: false

  /accepts/1.3.7:
    resolution: {integrity: sha512-Il80Qs2WjYlJIBNzNkK6KYqlVMTbZLXgHx2oT0pU/fjRHyEp+PEfEPY0R3WCwAGVOtauxh1hOxNgIf5bv7dQpA==}
    engines: {node: '>= 0.6'}
    dependencies:
      mime-types: 2.1.32
      negotiator: 0.6.2
    dev: false

  /acorn-walk/8.2.0:
    resolution: {integrity: sha512-k+iyHEuPgSw6SbuDpGQM+06HQUa04DZ3o+F6CSzXMvvI5KMvnaEqXe+YVe555R9nn6GPt404fos4wcgpw12SDA==}
    engines: {node: '>=0.4.0'}
    dev: true

  /acorn/8.5.0:
    resolution: {integrity: sha512-yXbYeFy+jUuYd3/CDcg2NkIYE991XYX/bje7LmjJigUciaeO1JR4XxXgCIV1/Zc/dRuFEyw1L0pbA+qynJkW5Q==}
    engines: {node: '>=0.4.0'}
    hasBin: true
    dev: true

  /arg/4.1.3:
    resolution: {integrity: sha512-58S9QDqG0Xx27YwPSt9fJxivjYl432YCwfDMfZ+71RAqUrZef7LrKQZ3LHLOwCS4FLNBplP533Zx895SeOCHvA==}
    dev: true

  /bail/2.0.1:
    resolution: {integrity: sha512-d5FoTAr2S5DSUPKl85WNm2yUwsINN8eidIdIwsOge2t33DaOfOdSmmsI11jMN3GmALCXaw+Y6HMVHDzePshFAA==}
    dev: false

  /bytes/3.1.0:
    resolution: {integrity: sha512-zauLjrfCG+xvoyaqLoV8bLVXXNGC4JqlxFCutSDWA6fJrTo2ZuvLYTqZ7aHBLZSMOopbzwv8f+wZcVzfVTI2Dg==}
    engines: {node: '>= 0.8'}
    dev: false

  /cache-content-type/1.0.1:
    resolution: {integrity: sha512-IKufZ1o4Ut42YUrZSo8+qnMTrFuKkvyoLXUywKz9GJ5BrhOFGhLdkx9sG4KAnVvbY6kEcSFjLQul+DVmBm2bgA==}
    engines: {node: '>= 6.0.0'}
    dependencies:
      mime-types: 2.1.32
      ylru: 1.2.1
    dev: false

  /call-bind/1.0.2:
    resolution: {integrity: sha512-7O+FbCihrB5WGbFYesctwmTKae6rOiIzmz1icreWJ+0aA7LJfuqhEso2T9ncpcFtzMQtzXf2QGGueWJGTYsqrA==}
    dependencies:
      function-bind: 1.1.1
      get-intrinsic: 1.1.1
    dev: false

  /character-entities-legacy/2.0.0:
    resolution: {integrity: sha512-YwaEtEvWLpFa6Wh3uVLrvirA/ahr9fki/NUd/Bd4OR6EdJ8D22hovYQEOUCBfQfcqnC4IAMGMsHXY1eXgL4ZZA==}
    dev: false

  /character-entities/2.0.0:
    resolution: {integrity: sha512-oHqMj3eAuJ77/P5PaIRcqk+C3hdfNwyCD2DAUcD5gyXkegAuF2USC40CEqPscDk4I8FRGMTojGJQkXDsN5QlJA==}
    dev: false

  /character-reference-invalid/2.0.0:
    resolution: {integrity: sha512-pE3Z15lLRxDzWJy7bBHBopRwfI20sbrMVLQTC7xsPglCHf4Wv1e167OgYAFP78co2XlhojDyAqA+IAJse27//g==}
    dev: false

  /co-body/6.1.0:
    resolution: {integrity: sha512-m7pOT6CdLN7FuXUcpuz/8lfQ/L77x8SchHCF4G0RBTJO20Wzmhn5Sp4/5WsKy8OSpifBSUrmg83qEqaDHdyFuQ==}
    dependencies:
      inflation: 2.0.0
      qs: 6.10.1
      raw-body: 2.4.1
      type-is: 1.6.18
    dev: false

  /co/4.6.0:
    resolution: {integrity: sha1-bqa989hTrlTMuOR7+gvz+QMfsYQ=}
    engines: {iojs: '>= 1.0.0', node: '>= 0.12.0'}
    dev: false

  /comma-separated-tokens/2.0.2:
    resolution: {integrity: sha512-G5yTt3KQN4Yn7Yk4ed73hlZ1evrFKXeUW3086p3PRFNp7m2vIjI6Pg+Kgb+oyzhd9F2qdcoj67+y3SdxL5XWsg==}
    dev: false

  /content-disposition/0.5.3:
    resolution: {integrity: sha512-ExO0774ikEObIAEV9kDo50o+79VCUdEB6n6lzKgGwupcVeRlhrj3qGAfwq8G6uBJjkqLrhT0qEYFcWng8z1z0g==}
    engines: {node: '>= 0.6'}
    dependencies:
      safe-buffer: 5.1.2
    dev: false

  /content-type/1.0.4:
    resolution: {integrity: sha512-hIP3EEPs8tB9AT1L+NUqtwOAps4mk2Zob89MWXMHjHWg9milF/j4osnnQLXBCBFBk/tvIG/tUc9mOUJiPBhPXA==}
    engines: {node: '>= 0.6'}
    dev: false

  /cookies/0.8.0:
    resolution: {integrity: sha512-8aPsApQfebXnuI+537McwYsDtjVxGm8gTIzQI3FDW6t5t/DAhERxtnbEPN/8RX+uZthoz4eCOgloXaE5cYyNow==}
    engines: {node: '>= 0.8'}
    dependencies:
      depd: 2.0.0
      keygrip: 1.1.0
    dev: false

  /copy-to/2.0.1:
    resolution: {integrity: sha1-JoD7uAaKSNCGVrYJgJK9r8kG9KU=}
    dev: false

  /create-require/1.1.1:
    resolution: {integrity: sha512-dcKFX3jn0MpIaXjisoRvexIJVEKzaq7z2rZKxf+MSr9TkdmHmsU4m2lcLojrj/FHl8mk5VxMmYA+ftRkP/3oKQ==}
    dev: true

  /debug/4.3.2:
    resolution: {integrity: sha512-mOp8wKcvj7XxC78zLgw/ZA+6TSgkoE2C/ienthhRD298T7UNwAg9diBpLRxC0mOezLl4B0xV7M0cCO6P/O0Xhw==}
    engines: {node: '>=6.0'}
    peerDependencies:
      supports-color: '*'
    peerDependenciesMeta:
      supports-color:
        optional: true
    dependencies:
      ms: 2.1.2
    dev: false

  /deep-equal/1.0.1:
    resolution: {integrity: sha1-9dJgKStmDghO/0zbyfCK0yR0SLU=}
    dev: false

  /delegates/1.0.0:
    resolution: {integrity: sha1-hMbhWbgZBP3KWaDvRM2HDTElD5o=}
    dev: false

  /depd/1.1.2:
    resolution: {integrity: sha1-m81S4UwJd2PnSbJ0xDRu0uVgtak=}
    engines: {node: '>= 0.6'}
    dev: false

  /depd/2.0.0:
    resolution: {integrity: sha512-g7nH6P6dyDioJogAAGprGpCtVImJhpPk/roCzdb3fIh61/s/nPsfR6onyMwkCAR/OlC3yBC0lESvUoQEAssIrw==}
    engines: {node: '>= 0.8'}
    dev: false

  /destroy/1.0.4:
    resolution: {integrity: sha1-l4hXRCxEdJ5CBmE+N5RiBYJqvYA=}
    dev: false

  /diff/4.0.2:
    resolution: {integrity: sha512-58lmxKSA4BNyLz+HHMUzlOEpg09FV+ev6ZMe3vJihgdxzgcwZ8VoEEPmALCZG9LmqfVoNMMKpttIYTVG6uDY7A==}
    engines: {node: '>=0.3.1'}
    dev: true

  /ee-first/1.1.1:
    resolution: {integrity: sha1-WQxhFWsK4vTwJVcyoViyZrxWsh0=}
    dev: false

  /encodeurl/1.0.2:
    resolution: {integrity: sha1-rT/0yG7C0CkyL1oCw6mmBslbP1k=}
    engines: {node: '>= 0.8'}
    dev: false

  /escape-html/1.0.3:
    resolution: {integrity: sha1-Aljq5NPQwJdN4cFpGI7wBR0dGYg=}
    dev: false

  /extend/3.0.2:
    resolution: {integrity: sha512-fjquC59cD7CyW6urNXK0FBufkZcoiGG80wTuPujX590cB5Ttln20E2UB4S/WARVqhXffZl2LNgS+gQdPIIim/g==}
    dev: false

  /fresh/0.5.2:
    resolution: {integrity: sha1-PYyt2Q2XZWn6g1qx+OSyOhBWBac=}
    engines: {node: '>= 0.6'}
    dev: false

  /function-bind/1.1.1:
    resolution: {integrity: sha512-yIovAzMX49sF8Yl58fSCWJ5svSLuaibPxXQJFLmBObTuCr0Mf1KiPopGM9NiFjiYBCbfaa2Fh6breQ6ANVTI0A==}
    dev: false

  /get-intrinsic/1.1.1:
    resolution: {integrity: sha512-kWZrnVM42QCiEA2Ig1bG8zjoIMOgxWwYCEeNdwY6Tv/cOSeGpcoX4pXHfKUxNKVoArnrEr2e9srnAxxGIraS9Q==}
    dependencies:
      function-bind: 1.1.1
      has: 1.0.3
      has-symbols: 1.0.2
    dev: false

  /has-symbols/1.0.2:
    resolution: {integrity: sha512-chXa79rL/UC2KlX17jo3vRGz0azaWEx5tGqZg5pO3NUyEJVB17dMruQlzCCOfUvElghKcm5194+BCRvi2Rv/Gw==}
    engines: {node: '>= 0.4'}
    dev: false

  /has-tostringtag/1.0.0:
    resolution: {integrity: sha512-kFjcSNhnlGV1kyoGk7OXKSawH5JOb/LzUc5w9B02hOTO0dfFRjbHQKvg1d6cf3HbeUmtU9VbbV3qzZ2Teh97WQ==}
    engines: {node: '>= 0.4'}
    dependencies:
      has-symbols: 1.0.2
    dev: false

  /has/1.0.3:
    resolution: {integrity: sha512-f2dvO0VU6Oej7RkWJGrehjbzMAjFp5/VKPp5tTpWIV4JHHZK1/BxbFRtf/siA2SWTe09caDmVtYYzWEIbBS4zw==}
    engines: {node: '>= 0.4.0'}
    dependencies:
      function-bind: 1.1.1
    dev: false

  /hast-util-embedded/2.0.0:
    resolution: {integrity: sha512-vEr54rDu2CheBM4nLkWbW8Rycf8HhkA/KsrDnlyKnvBTyhyO+vAG6twHnfUbiRGo56YeUBNCI4HFfHg3Wu+tig==}
    dependencies:
      hast-util-is-element: 2.1.1
    dev: false

  /hast-util-from-parse5/7.1.0:
    resolution: {integrity: sha512-m8yhANIAccpU4K6+121KpPP55sSl9/samzQSQGpb0mTExcNh2WlvjtMwSWFhg6uqD4Rr6Nfa8N6TMypQM51rzQ==}
    dependencies:
      '@types/hast': 2.3.4
      '@types/parse5': 6.0.1
      '@types/unist': 2.0.6
      hastscript: 7.0.2
      property-information: 6.0.1
      vfile: 5.1.0
      vfile-location: 4.0.1
      web-namespaces: 2.0.0
    dev: false

  /hast-util-has-property/2.0.0:
    resolution: {integrity: sha512-4Qf++8o5v14us4Muv3HRj+Er6wTNGA/N9uCaZMty4JWvyFKLdhULrv4KE1b65AthsSO9TXSZnjuxS8ecIyhb0w==}
    dev: false

  /hast-util-is-element/2.1.1:
    resolution: {integrity: sha512-ag0fiZfRWsPiR1udvnSbaazJLGv8qd8E+/e3rW8rUZhbKG4HNJmFL4QkEceN+22BgE+uozXY30z/s+2dL6Z++g==}
    dependencies:
      '@types/hast': 2.3.4
      '@types/unist': 2.0.6
    dev: false

  /hast-util-parse-selector/3.1.0:
    resolution: {integrity: sha512-AyjlI2pTAZEOeu7GeBPZhROx0RHBnydkQIXlhnFzDi0qfXTmGUWoCYZtomHbrdrheV4VFUlPcfJ6LMF5T6sQzg==}
    dependencies:
      '@types/hast': 2.3.4
    dev: false

  /hast-util-to-mdast/8.2.1:
    resolution: {integrity: sha512-6UmTnVWQaTzmqABAVrDyRUx5Lir1ILWom2rGTDKbtC+41Bftle1go/fJv9UNFYMzjr/CUlWe7WKqGFMl0NQ7xw==}
    dependencies:
      '@types/extend': 3.0.1
      '@types/hast': 2.3.4
      '@types/mdast': 3.0.10
      '@types/unist': 2.0.6
      extend: 3.0.2
      hast-util-has-property: 2.0.0
      hast-util-is-element: 2.1.1
      hast-util-to-text: 3.1.0
      mdast-util-phrasing: 3.0.0
      mdast-util-to-string: 3.1.0
      rehype-minify-whitespace: 5.0.0
      trim-trailing-lines: 2.0.0
      unist-util-is: 5.1.1
      unist-util-visit: 4.1.0
    dev: false

  /hast-util-to-text/3.1.0:
    resolution: {integrity: sha512-Od9EL2sV06n5YIsq169krRA3mSOWjFnLZL0qMpCRSWcEoq9iodC2aEMhWge7b3xzXfHRs9UT3r42i8iOVQwvbg==}
    dependencies:
      '@types/hast': 2.3.4
      hast-util-is-element: 2.1.1
      unist-util-find-after: 4.0.0
    dev: false

  /hast-util-whitespace/2.0.0:
    resolution: {integrity: sha512-Pkw+xBHuV6xFeJprJe2BBEoDV+AvQySaz3pPDRUs5PNZEMQjpXJJueqrpcHIXxnWTcAGi/UOCgVShlkY6kLoqg==}
    dev: false

  /hastscript/7.0.2:
    resolution: {integrity: sha512-uA8ooUY4ipaBvKcMuPehTAB/YfFLSSzCwFSwT6ltJbocFUKH/GDHLN+tflq7lSRf9H86uOuxOFkh1KgIy3Gg2g==}
    dependencies:
      '@types/hast': 2.3.4
      comma-separated-tokens: 2.0.2
      hast-util-parse-selector: 3.1.0
      property-information: 6.0.1
      space-separated-tokens: 2.0.1
    dev: false

  /http-assert/1.5.0:
    resolution: {integrity: sha512-uPpH7OKX4H25hBmU6G1jWNaqJGpTXxey+YOUizJUAgu0AjLUeC8D73hTrhvDS5D+GJN1DN1+hhc/eF/wpxtp0w==}
    engines: {node: '>= 0.8'}
    dependencies:
      deep-equal: 1.0.1
      http-errors: 1.8.0
    dev: false

  /http-errors/1.7.3:
    resolution: {integrity: sha512-ZTTX0MWrsQ2ZAhA1cejAwDLycFsd7I7nVtnkT3Ol0aqodaKW+0CTZDQ1uBv5whptCnc8e8HeRRJxRs0kmm/Qfw==}
    engines: {node: '>= 0.6'}
    dependencies:
      depd: 1.1.2
      inherits: 2.0.4
      setprototypeof: 1.1.1
      statuses: 1.5.0
      toidentifier: 1.0.0
    dev: false

  /http-errors/1.8.0:
    resolution: {integrity: sha512-4I8r0C5JDhT5VkvI47QktDW75rNlGVsUf/8hzjCC/wkWI/jdTRmBb9aI7erSG82r1bjKY3F6k28WnsVxB1C73A==}
    engines: {node: '>= 0.6'}
    dependencies:
      depd: 1.1.2
      inherits: 2.0.4
      setprototypeof: 1.2.0
      statuses: 1.5.0
      toidentifier: 1.0.0
    dev: false

  /iconv-lite/0.4.24:
    resolution: {integrity: sha512-v3MXnZAcvnywkTUEZomIActle7RXXeedOR31wwl7VlyoXO4Qi9arvSenNQWne1TcRwhCL1HwLI21bEqdpj8/rA==}
    engines: {node: '>=0.10.0'}
    dependencies:
      safer-buffer: 2.1.2
    dev: false

  /inflation/2.0.0:
    resolution: {integrity: sha1-i0F+R8KPklpFEz2RTKH9OJEH8w8=}
    engines: {node: '>= 0.8.0'}
    dev: false

  /inherits/2.0.4:
    resolution: {integrity: sha512-k/vGaX4/Yla3WzyMCvTQOXYeIHvqOKtnqBduzTHpzpQZzAskKMhZ2K+EnBiSM9zGSoIFeMpXKxa4dYeZIQqewQ==}
    dev: false

  /is-alphabetical/2.0.0:
    resolution: {integrity: sha512-5OV8Toyq3oh4eq6sbWTYzlGdnMT/DPI5I0zxUBxjiigQsZycpkKF3kskkao3JyYGuYDHvhgJF+DrjMQp9SX86w==}
    dev: false

  /is-alphanumerical/2.0.0:
    resolution: {integrity: sha512-t+2GlJ+hO9yagJ+jU3+HSh80VKvz/3cG2cxbGGm4S0hjKuhWQXgPVUVOZz3tqZzMjhmphZ+1TIJTlRZRoe6GCQ==}
    dependencies:
      is-alphabetical: 2.0.0
      is-decimal: 2.0.0
    dev: false

  /is-buffer/2.0.5:
    resolution: {integrity: sha512-i2R6zNFDwgEHJyQUtJEk0XFi1i0dPFn/oqjK3/vPCcDeJvW5NQ83V8QbicfF1SupOaB0h8ntgBC2YiE7dfyctQ==}
    engines: {node: '>=4'}
    dev: false

  /is-decimal/2.0.0:
    resolution: {integrity: sha512-QfrfjQV0LjoWQ1K1XSoEZkTAzSa14RKVMa5zg3SdAfzEmQzRM4+tbSFWb78creCeA9rNBzaZal92opi1TwPWZw==}
    dev: false

  /is-generator-function/1.0.10:
    resolution: {integrity: sha512-jsEjy9l3yiXEQ+PsXdmBwEPcOxaXWLspKdplFUVI9vq1iZgIekeC0L167qeu86czQaxed3q/Uzuw0swL0irL8A==}
    engines: {node: '>= 0.4'}
    dependencies:
      has-tostringtag: 1.0.0
    dev: false

  /is-hexadecimal/2.0.0:
    resolution: {integrity: sha512-vGOtYkiaxwIiR0+Ng/zNId+ZZehGfINwTzdrDqc6iubbnQWhnPuYymOzOKUDqa2cSl59yHnEh2h6MvRLQsyNug==}
    dev: false

  /is-plain-obj/4.0.0:
    resolution: {integrity: sha512-NXRbBtUdBioI73y/HmOhogw/U5msYPC9DAtGkJXeFcFWSFZw0mCUsPxk/snTuJHzNKA8kLBK4rH97RMB1BfCXw==}
    engines: {node: '>=12'}
    dev: false

  /keygrip/1.1.0:
    resolution: {integrity: sha512-iYSchDJ+liQ8iwbSI2QqsQOvqv58eJCEanyJPJi+Khyu8smkcKSFUCbPwzFcL7YVtZ6eONjqRX/38caJ7QjRAQ==}
    engines: {node: '>= 0.6'}
    dependencies:
      tsscmp: 1.0.6
    dev: false

  /koa-bodyparser/4.3.0:
    resolution: {integrity: sha512-uyV8G29KAGwZc4q/0WUAjH+Tsmuv9ImfBUF2oZVyZtaeo0husInagyn/JH85xMSxM0hEk/mbCII5ubLDuqW/Rw==}
    engines: {node: '>=8.0.0'}
    dependencies:
      co-body: 6.1.0
      copy-to: 2.0.1
    dev: false

  /koa-compose/4.1.0:
    resolution: {integrity: sha512-8ODW8TrDuMYvXRwra/Kh7/rJo9BtOfPc6qO8eAfC80CnCvSjSl0bkRM24X6/XBBEyj0v1nRUQ1LyOy3dbqOWXw==}
    dev: false

  /koa-convert/2.0.0:
    resolution: {integrity: sha512-asOvN6bFlSnxewce2e/DK3p4tltyfC4VM7ZwuTuepI7dEQVcvpyFuBcEARu1+Hxg8DIwytce2n7jrZtRlPrARA==}
    engines: {node: '>= 10'}
    dependencies:
      co: 4.6.0
      koa-compose: 4.1.0
    dev: false

  /koa/2.13.3:
    resolution: {integrity: sha512-XhXIoR+ylAwqG3HhXwnMPQAM/4xfywz52OvxZNmxmTWGGHsvmBv4NSIhURha6yMuvEex1WdtplUTHnxnKpQiGw==}
    engines: {node: ^4.8.4 || ^6.10.1 || ^7.10.1 || >= 8.1.4}
    dependencies:
      accepts: 1.3.7
      cache-content-type: 1.0.1
      content-disposition: 0.5.3
      content-type: 1.0.4
      cookies: 0.8.0
      debug: 4.3.2
      delegates: 1.0.0
      depd: 2.0.0
      destroy: 1.0.4
      encodeurl: 1.0.2
      escape-html: 1.0.3
      fresh: 0.5.2
      http-assert: 1.5.0
      http-errors: 1.8.0
      is-generator-function: 1.0.10
      koa-compose: 4.1.0
      koa-convert: 2.0.0
      on-finished: 2.3.0
      only: 0.0.2
      parseurl: 1.3.3
      statuses: 1.5.0
      type-is: 1.6.18
      vary: 1.1.2
    transitivePeerDependencies:
      - supports-color
    dev: false

  /longest-streak/3.0.0:
    resolution: {integrity: sha512-XhUjWR5CFaQ03JOP+iSDS9koy8T5jfoImCZ4XprElw3BXsSk4MpVYOLw/6LTDKZhO13PlAXnB5gS4MHQTpkSOw==}
    dev: false

  /make-error/1.3.6:
    resolution: {integrity: sha512-s8UhlNe7vPKomQhC1qFelMokr/Sc3AgNbso3n74mVPA5LTZwkB9NlXf4XPamLxJE8h0gh73rM94xvwRT2CVInw==}
    dev: true

  /mdast-util-from-markdown/1.0.2:
    resolution: {integrity: sha512-gXaxv/5fGdrr9TqSMlQK7FmshK8yR9DvW3+NapMBDm44inORxIZVJa1D3yjrUT9ISu8tB/jjblEkUzyzclquNg==}
    dependencies:
      '@types/mdast': 3.0.10
      '@types/unist': 2.0.6
      mdast-util-to-string: 3.1.0
      micromark: 3.0.5
      micromark-util-decode-numeric-character-reference: 1.0.0
      micromark-util-decode-string: 1.0.0
      micromark-util-normalize-identifier: 1.0.0
      micromark-util-symbol: 1.0.0
      micromark-util-types: 1.0.1
      parse-entities: 3.0.0
      unist-util-stringify-position: 3.0.0
    transitivePeerDependencies:
      - supports-color
    dev: false

  /mdast-util-phrasing/3.0.0:
    resolution: {integrity: sha512-S+QYsDRLkGi8U7o5JF1agKa/sdP+CNGXXLqC17pdTVL8FHHgQEiwFGa9yE5aYtUxNiFGYoaDy9V1kC85Sz86Gg==}
    dependencies:
      '@types/mdast': 3.0.10
      unist-util-is: 5.1.1
    dev: false

  /mdast-util-to-markdown/1.2.3:
    resolution: {integrity: sha512-040jJYtjOUdbvYAXCfPrpLJRdvMOmR33KRqlhT4r+fEbVM+jao1RMbA8RmGeRmw8RAj3vQ+HvhIaJPijvnOwCg==}
    dependencies:
      '@types/mdast': 3.0.10
      '@types/unist': 2.0.6
      longest-streak: 3.0.0
      mdast-util-to-string: 3.1.0
      micromark-util-decode-string: 1.0.0
      unist-util-visit: 4.1.0
      zwitch: 2.0.2
    dev: false

  /mdast-util-to-string/3.1.0:
    resolution: {integrity: sha512-n4Vypz/DZgwo0iMHLQL49dJzlp7YtAJP+N07MZHpjPf/5XJuHUWstviF4Mn2jEiR/GNmtnRRqnwsXExk3igfFA==}
    dev: false

  /media-typer/0.3.0:
    resolution: {integrity: sha1-hxDXrwqmJvj/+hzgAWhUUmMlV0g=}
    engines: {node: '>= 0.6'}
    dev: false

  /methods/1.1.2:
    resolution: {integrity: sha1-VSmk1nZUE07cxSZmVoNbD4Ua/O4=}
    engines: {node: '>= 0.6'}
    dev: false

  /micromark-core-commonmark/1.0.1:
    resolution: {integrity: sha512-vEOw8hcQ3nwHkKKNIyP9wBi8M50zjNajtmI+cCUWcVfJS+v5/3WCh4PLKf7PPRZFUutjzl4ZjlHwBWUKfb/SkA==}
    dependencies:
      micromark-factory-destination: 1.0.0
      micromark-factory-label: 1.0.0
      micromark-factory-space: 1.0.0
      micromark-factory-title: 1.0.0
      micromark-factory-whitespace: 1.0.0
      micromark-util-character: 1.1.0
      micromark-util-chunked: 1.0.0
      micromark-util-classify-character: 1.0.0
      micromark-util-html-tag-name: 1.0.0
      micromark-util-normalize-identifier: 1.0.0
      micromark-util-resolve-all: 1.0.0
      micromark-util-subtokenize: 1.0.0
      micromark-util-symbol: 1.0.0
      micromark-util-types: 1.0.1
      parse-entities: 3.0.0
    dev: false

  /micromark-factory-destination/1.0.0:
    resolution: {integrity: sha512-eUBA7Rs1/xtTVun9TmV3gjfPz2wEwgK5R5xcbIM5ZYAtvGF6JkyaDsj0agx8urXnO31tEO6Ug83iVH3tdedLnw==}
    dependencies:
      micromark-util-character: 1.1.0
      micromark-util-symbol: 1.0.0
      micromark-util-types: 1.0.1
    dev: false

  /micromark-factory-label/1.0.0:
    resolution: {integrity: sha512-XWEucVZb+qBCe2jmlOnWr6sWSY6NHx+wtpgYFsm4G+dufOf6tTQRRo0bdO7XSlGPu5fyjpJenth6Ksnc5Mwfww==}
    dependencies:
      micromark-util-character: 1.1.0
      micromark-util-symbol: 1.0.0
      micromark-util-types: 1.0.1
    dev: false

  /micromark-factory-space/1.0.0:
    resolution: {integrity: sha512-qUmqs4kj9a5yBnk3JMLyjtWYN6Mzfcx8uJfi5XAveBniDevmZasdGBba5b4QsvRcAkmvGo5ACmSUmyGiKTLZew==}
    dependencies:
      micromark-util-character: 1.1.0
      micromark-util-types: 1.0.1
    dev: false

  /micromark-factory-title/1.0.0:
    resolution: {integrity: sha512-flvC7Gx0dWVWorXuBl09Cr3wB5FTuYec8pMGVySIp2ZlqTcIjN/lFohZcP0EG//krTptm34kozHk7aK/CleCfA==}
    dependencies:
      micromark-factory-space: 1.0.0
      micromark-util-character: 1.1.0
      micromark-util-symbol: 1.0.0
      micromark-util-types: 1.0.1
    dev: false

  /micromark-factory-whitespace/1.0.0:
    resolution: {integrity: sha512-Qx7uEyahU1lt1RnsECBiuEbfr9INjQTGa6Err+gF3g0Tx4YEviPbqqGKNv/NrBaE7dVHdn1bVZKM/n5I/Bak7A==}
    dependencies:
      micromark-factory-space: 1.0.0
      micromark-util-character: 1.1.0
      micromark-util-symbol: 1.0.0
      micromark-util-types: 1.0.1
    dev: false

  /micromark-util-character/1.1.0:
    resolution: {integrity: sha512-agJ5B3unGNJ9rJvADMJ5ZiYjBRyDpzKAOk01Kpi1TKhlT1APx3XZk6eN7RtSz1erbWHC2L8T3xLZ81wdtGRZzg==}
    dependencies:
      micromark-util-symbol: 1.0.0
      micromark-util-types: 1.0.1
    dev: false

  /micromark-util-chunked/1.0.0:
    resolution: {integrity: sha512-5e8xTis5tEZKgesfbQMKRCyzvffRRUX+lK/y+DvsMFdabAicPkkZV6gO+FEWi9RfuKKoxxPwNL+dFF0SMImc1g==}
    dependencies:
      micromark-util-symbol: 1.0.0
    dev: false

  /micromark-util-classify-character/1.0.0:
    resolution: {integrity: sha512-F8oW2KKrQRb3vS5ud5HIqBVkCqQi224Nm55o5wYLzY/9PwHGXC01tr3d7+TqHHz6zrKQ72Okwtvm/xQm6OVNZA==}
    dependencies:
      micromark-util-character: 1.1.0
      micromark-util-symbol: 1.0.0
      micromark-util-types: 1.0.1
    dev: false

  /micromark-util-combine-extensions/1.0.0:
    resolution: {integrity: sha512-J8H058vFBdo/6+AsjHp2NF7AJ02SZtWaVUjsayNFeAiydTxUwViQPxN0Hf8dp4FmCQi0UUFovFsEyRSUmFH3MA==}
    dependencies:
      micromark-util-chunked: 1.0.0
      micromark-util-types: 1.0.1
    dev: false

  /micromark-util-decode-numeric-character-reference/1.0.0:
    resolution: {integrity: sha512-OzO9AI5VUtrTD7KSdagf4MWgHMtET17Ua1fIpXTpuhclCqD8egFWo85GxSGvxgkGS74bEahvtM0WP0HjvV0e4w==}
    dependencies:
      micromark-util-symbol: 1.0.0
    dev: false

  /micromark-util-decode-string/1.0.0:
    resolution: {integrity: sha512-4g5UJ8P/J8wuRKUXCcB7udQuOBXpLyvBQSLSuznfBLCG+thKG6UTwFnXfHkrr/1wddprkUbPatCzxDjrJ+5zDg==}
    dependencies:
      micromark-util-character: 1.1.0
      micromark-util-decode-numeric-character-reference: 1.0.0
      parse-entities: 3.0.0
    dev: false

  /micromark-util-encode/1.0.0:
    resolution: {integrity: sha512-cJpFVM768h6zkd8qJ1LNRrITfY4gwFt+tziPcIf71Ui8yFzY9wG3snZQqiWVq93PG4Sw6YOtcNiKJfVIs9qfGg==}
    dev: false

  /micromark-util-html-tag-name/1.0.0:
    resolution: {integrity: sha512-NenEKIshW2ZI/ERv9HtFNsrn3llSPZtY337LID/24WeLqMzeZhBEE6BQ0vS2ZBjshm5n40chKtJ3qjAbVV8S0g==}
    dev: false

  /micromark-util-normalize-identifier/1.0.0:
    resolution: {integrity: sha512-yg+zrL14bBTFrQ7n35CmByWUTFsgst5JhA4gJYoty4Dqzj4Z4Fr/DHekSS5aLfH9bdlfnSvKAWsAgJhIbogyBg==}
    dependencies:
      micromark-util-symbol: 1.0.0
    dev: false

  /micromark-util-resolve-all/1.0.0:
    resolution: {integrity: sha512-CB/AGk98u50k42kvgaMM94wzBqozSzDDaonKU7P7jwQIuH2RU0TeBqGYJz2WY1UdihhjweivStrJ2JdkdEmcfw==}
    dependencies:
      micromark-util-types: 1.0.1
    dev: false

  /micromark-util-sanitize-uri/1.0.0:
    resolution: {integrity: sha512-cCxvBKlmac4rxCGx6ejlIviRaMKZc0fWm5HdCHEeDWRSkn44l6NdYVRyU+0nT1XC72EQJMZV8IPHF+jTr56lAg==}
    dependencies:
      micromark-util-character: 1.1.0
      micromark-util-encode: 1.0.0
      micromark-util-symbol: 1.0.0
    dev: false

  /micromark-util-subtokenize/1.0.0:
    resolution: {integrity: sha512-EsnG2qscmcN5XhkqQBZni/4oQbLFjz9yk3ZM/P8a3YUjwV6+6On2wehr1ALx0MxK3+XXXLTzuBKHDFeDFYRdgQ==}
    dependencies:
      micromark-util-chunked: 1.0.0
      micromark-util-symbol: 1.0.0
      micromark-util-types: 1.0.1
    dev: false

  /micromark-util-symbol/1.0.0:
    resolution: {integrity: sha512-NZA01jHRNCt4KlOROn8/bGi6vvpEmlXld7EHcRH+aYWUfL3Wc8JLUNNlqUMKa0hhz6GrpUWsHtzPmKof57v0gQ==}
    dev: false

  /micromark-util-types/1.0.1:
    resolution: {integrity: sha512-UT0ylWEEy80RFYzK9pEaugTqaxoD/j0Y9WhHpSyitxd99zjoQz7JJ+iKuhPAgOW2MiPSUAx+c09dcqokeyaROA==}
    dev: false

  /micromark/3.0.5:
    resolution: {integrity: sha512-QfjERBnPw0G9mxhOCkkbRP0n8SX8lIBLrEKeEVceviUukqVMv3hWE4AgNTOK/W6GWqtPvvIHg2Apl3j1Dxm6aQ==}
    dependencies:
      '@types/debug': 4.1.7
      debug: 4.3.2
      micromark-core-commonmark: 1.0.1
      micromark-factory-space: 1.0.0
      micromark-util-character: 1.1.0
      micromark-util-chunked: 1.0.0
      micromark-util-combine-extensions: 1.0.0
      micromark-util-decode-numeric-character-reference: 1.0.0
      micromark-util-encode: 1.0.0
      micromark-util-normalize-identifier: 1.0.0
      micromark-util-resolve-all: 1.0.0
      micromark-util-sanitize-uri: 1.0.0
      micromark-util-subtokenize: 1.0.0
      micromark-util-symbol: 1.0.0
      micromark-util-types: 1.0.1
      parse-entities: 3.0.0
    transitivePeerDependencies:
      - supports-color
    dev: false

  /mime-db/1.49.0:
    resolution: {integrity: sha512-CIc8j9URtOVApSFCQIF+VBkX1RwXp/oMMOrqdyXSBXq5RWNEsRfyj1kiRnQgmNXmHxPoFIxOroKA3zcU9P+nAA==}
    engines: {node: '>= 0.6'}
    dev: false

  /mime-types/2.1.32:
    resolution: {integrity: sha512-hJGaVS4G4c9TSMYh2n6SQAGrC4RnfU+daP8G7cSCmaqNjiOoUY0VHCMS42pxnQmVF1GWwFhbHWn3RIxCqTmZ9A==}
    engines: {node: '>= 0.6'}
    dependencies:
      mime-db: 1.49.0
    dev: false

  /ms/2.1.2:
    resolution: {integrity: sha512-sGkPx+VjMtmA6MX27oA4FBFELFCZZ4S4XqeGOXCv68tT+jb3vk/RyaKWP0PTKyWtmLSM0b+adUTEvbs1PEaH2w==}
    dev: false

  /negotiator/0.6.2:
    resolution: {integrity: sha512-hZXc7K2e+PgeI1eDBe/10Ard4ekbfrrqG8Ep+8Jmf4JID2bNg7NvCPOZN+kfF574pFQI7mum2AUqDidoKqcTOw==}
    engines: {node: '>= 0.6'}
    dev: false

  /object-inspect/1.11.0:
    resolution: {integrity: sha512-jp7ikS6Sd3GxQfZJPyH3cjcbJF6GZPClgdV+EFygjFLQ5FmW/dRUnTd9PQ9k0JhoNDabWFbpF1yCdSWCC6gexg==}
    dev: false

  /on-finished/2.3.0:
    resolution: {integrity: sha1-IPEzZIGwg811M3mSoWlxqi2QaUc=}
    engines: {node: '>= 0.8'}
    dependencies:
      ee-first: 1.1.1
    dev: false

  /only/0.0.2:
    resolution: {integrity: sha1-Kv3oTQPlC5qO3EROMGEKcCle37Q=}
    dev: false

  /parse-entities/3.0.0:
    resolution: {integrity: sha512-AJlcIFDNPEP33KyJLguv0xJc83BNvjxwpuUIcetyXUsLpVXAUCePJ5kIoYtEN2R1ac0cYaRu/vk9dVFkewHQhQ==}
    dependencies:
      character-entities: 2.0.0
      character-entities-legacy: 2.0.0
      character-reference-invalid: 2.0.0
      is-alphanumerical: 2.0.0
      is-decimal: 2.0.0
      is-hexadecimal: 2.0.0
    dev: false

  /parse5/6.0.1:
    resolution: {integrity: sha512-Ofn/CTFzRGTTxwpNEs9PP93gXShHcTq255nzRYSKe8AkVpZY7e1fpmTfOyoIvjP5HG7Z2ZM7VS9PPhQGW2pOpw==}
    dev: false

  /parseurl/1.3.3:
    resolution: {integrity: sha512-CiyeOxFT/JZyN5m0z9PfXw4SCBJ6Sygz1Dpl0wqjlhDEGGBP1GnsUVEL0p63hoG1fcj3fHynXi9NYO4nWOL+qQ==}
    engines: {node: '>= 0.8'}
    dev: false

  /path-to-regexp/6.2.0:
    resolution: {integrity: sha512-f66KywYG6+43afgE/8j/GoiNyygk/bnoCbps++3ErRKsIYkGGupyv07R2Ok5m9i67Iqc+T2g1eAUGUPzWhYTyg==}
    dev: false

  /property-information/6.0.1:
    resolution: {integrity: sha512-F4WUUAF7fMeF4/JUFHNBWDaKDXi2jbvqBW/y6o5wsf3j19wTZ7S60TmtB5HoBhtgw7NKQRMWuz5vk2PR0CygUg==}
    dev: false

  /qs/6.10.1:
    resolution: {integrity: sha512-M528Hph6wsSVOBiYUnGf+K/7w0hNshs/duGsNXPUCLH5XAqjEtiPGwNONLV0tBH8NoGb0mvD5JubnUTrujKDTg==}
    engines: {node: '>=0.6'}
    dependencies:
      side-channel: 1.0.4
    dev: false

  /raw-body/2.4.1:
    resolution: {integrity: sha512-9WmIKF6mkvA0SLmA2Knm9+qj89e+j1zqgyn8aXGd7+nAduPoqgI9lO57SAZNn/Byzo5P7JhXTyg9PzaJbH73bA==}
    engines: {node: '>= 0.8'}
    dependencies:
      bytes: 3.1.0
      http-errors: 1.7.3
      iconv-lite: 0.4.24
      unpipe: 1.0.0
    dev: false

  /rehype-minify-whitespace/5.0.0:
    resolution: {integrity: sha512-cUkQldYx8jpWM6FZmCkOF/+mev09+5NAtBzUFZgnfXsIoglxo3h6t3S3JbNouiaqIDE6vbpI+GQpOg0xD3Z7kg==}
    dependencies:
      '@types/hast': 2.3.4
      hast-util-embedded: 2.0.0
      hast-util-is-element: 2.1.1
      hast-util-whitespace: 2.0.0
      unified: 10.1.0
      unist-util-is: 5.1.1
    dev: false

  /rehype-parse/8.0.3:
    resolution: {integrity: sha512-RGw0CVt+0S6KdvpE8bbP2Db9WXclQcIX7A0ufM3QFqAhTo/ddJMQrrI2j3cijlRPZlGK8R3pRgC8U5HyV76IDw==}
    dependencies:
      '@types/hast': 2.3.4
      hast-util-from-parse5: 7.1.0
      parse5: 6.0.1
      unified: 10.1.0
    dev: false

  /rehype-remark/9.0.0:
    resolution: {integrity: sha512-VlqhnpSc0sg2/1Z6AxKvmqMK9uAPgi9Tu0up67R8r4Dh5MlpFVR2FcNtRDR98UwiGcy7hH4T/YS3tL0wrljx3g==}
    dependencies:
      '@types/hast': 2.3.4
      '@types/mdast': 3.0.10
      hast-util-to-mdast: 8.2.1
      unified: 10.1.0
    dev: false

  /remark-parse/10.0.0:
    resolution: {integrity: sha512-07ei47p2Xl7Bqbn9H2VYQYirnAFJPwdMuypdozWsSbnmrkgA2e2sZLZdnDNrrsxR4onmIzH/J6KXqKxCuqHtPQ==}
    dependencies:
      '@types/mdast': 3.0.10
      mdast-util-from-markdown: 1.0.2
      unified: 10.1.0
    transitivePeerDependencies:
      - supports-color
    dev: false

  /remark-stringify/10.0.0:
    resolution: {integrity: sha512-3LAQqJ/qiUxkWc7fUcVuB7RtIT38rvmxfmJG8z1TiE/D8zi3JGQ2tTcTJu9Tptdpb7gFwU0whRi5q1FbFOb9yA==}
    dependencies:
      '@types/mdast': 3.0.10
      mdast-util-to-markdown: 1.2.3
      unified: 10.1.0
    dev: false

  /safe-buffer/5.1.2:
    resolution: {integrity: sha512-Gd2UZBJDkXlY7GbJxfsE8/nvKkUEU1G38c1siN6QP6a9PT9MmHB8GnpscSmMJSoF8LOIrt8ud/wPtojys4G6+g==}
    dev: false

  /safer-buffer/2.1.2:
    resolution: {integrity: sha512-YZo3K82SD7Riyi0E1EQPojLz7kpepnSQI9IyPbHHg1XXXevb5dJI7tpyN2ADxGcQbHG7vcyRHk0cbwqcQriUtg==}
    dev: false

  /setprototypeof/1.1.1:
    resolution: {integrity: sha512-JvdAWfbXeIGaZ9cILp38HntZSFSo3mWg6xGcJJsd+d4aRMOqauag1C63dJfDw7OaMYwEbHMOxEZ1lqVRYP2OAw==}
    dev: false

  /setprototypeof/1.2.0:
    resolution: {integrity: sha512-E5LDX7Wrp85Kil5bhZv46j8jOeboKq5JMmYM3gVGdGH8xFpPWXUMsNrlODCrkoxMEeNi/XZIwuRvY4XNwYMJpw==}
    dev: false

  /side-channel/1.0.4:
    resolution: {integrity: sha512-q5XPytqFEIKHkGdiMIrY10mvLRvnQh42/+GoBlFW3b2LXLE2xxJpZFdm94we0BaoV3RwJyGqg5wS7epxTv0Zvw==}
    dependencies:
      call-bind: 1.0.2
      get-intrinsic: 1.1.1
      object-inspect: 1.11.0
    dev: false

  /space-separated-tokens/2.0.1:
    resolution: {integrity: sha512-ekwEbFp5aqSPKaqeY1PGrlGQxPNaq+Cnx4+bE2D8sciBQrHpbwoBbawqTN2+6jPs9IdWxxiUcN0K2pkczD3zmw==}
    dev: false

  /statuses/1.5.0:
    resolution: {integrity: sha1-Fhx9rBd2Wf2YEfQ3cfqZOBR4Yow=}
    engines: {node: '>= 0.6'}
    dev: false

  /toidentifier/1.0.0:
    resolution: {integrity: sha512-yaOH/Pk/VEhBWWTlhI+qXxDFXlejDGcQipMlyxda9nthulaxLZUNcUqFxokp0vcYnvteJln5FNQDRrxj3YcbVw==}
    engines: {node: '>=0.6'}
    dev: false

  /trim-trailing-lines/2.0.0:
    resolution: {integrity: sha512-lyJ/STqmYO8k9aWZbodPTrVkRh/50yFwNZ/HxKp/30eM9zf898MgQCG/NxfMnx7fZSKbaEcuZ1V+QgWrXFH6rg==}
    dev: false

  /trough/2.0.2:
    resolution: {integrity: sha512-FnHq5sTMxC0sk957wHDzRnemFnNBvt/gSY99HzK8F7UP5WAbvP70yX5bd7CjEQkN+TjdxwI7g7lJ6podqrG2/w==}
    dev: false

  /ts-node/10.2.1_48cf0e1f5c27c5317da4120390b4c470:
    resolution: {integrity: sha512-hCnyOyuGmD5wHleOQX6NIjJtYVIO8bPP8F2acWkB4W06wdlkgyvJtubO/I9NkI88hCFECbsEgoLc0VNkYmcSfw==}
    engines: {node: '>=12.0.0'}
    hasBin: true
    peerDependencies:
      '@swc/core': '>=1.2.50'
      '@swc/wasm': '>=1.2.50'
      '@types/node': '*'
      typescript: '>=2.7'
    peerDependenciesMeta:
      '@swc/core':
        optional: true
      '@swc/wasm':
        optional: true
    dependencies:
      '@cspotcode/source-map-support': 0.6.1
      '@tsconfig/node10': 1.0.8
      '@tsconfig/node12': 1.0.9
      '@tsconfig/node14': 1.0.1
      '@tsconfig/node16': 1.0.2
      '@types/node': 16.9.6
      acorn: 8.5.0
      acorn-walk: 8.2.0
      arg: 4.1.3
      create-require: 1.1.1
      diff: 4.0.2
      make-error: 1.3.6
      typescript: 4.4.3
      yn: 3.1.1
    dev: true

  /tsscmp/1.0.6:
    resolution: {integrity: sha512-LxhtAkPDTkVCMQjt2h6eBVY28KCjikZqZfMcC15YBeNjkgUpdCfBu5HoiOTDu86v6smE8yOjyEktJ8hlbANHQA==}
    engines: {node: '>=0.6.x'}
    dev: false

  /type-is/1.6.18:
    resolution: {integrity: sha512-TkRKr9sUTxEH8MdfuCSP7VizJyzRNMjj2J2do2Jr3Kym598JVdEksuzPQCnlFPW4ky9Q+iA+ma9BGm06XQBy8g==}
    engines: {node: '>= 0.6'}
    dependencies:
      media-typer: 0.3.0
      mime-types: 2.1.32
    dev: false

  /typescript/4.4.3:
    resolution: {integrity: sha512-4xfscpisVgqqDfPaJo5vkd+Qd/ItkoagnHpufr+i2QCHBsNYp+G7UAoyFl8aPtx879u38wPV65rZ8qbGZijalA==}
    engines: {node: '>=4.2.0'}
    hasBin: true
    dev: true

  /unified/10.1.0:
    resolution: {integrity: sha512-4U3ru/BRXYYhKbwXV6lU6bufLikoAavTwev89H5UxY8enDFaAT2VXmIXYNm6hb5oHPng/EXr77PVyDFcptbk5g==}
    dependencies:
      '@types/unist': 2.0.6
      bail: 2.0.1
      extend: 3.0.2
      is-buffer: 2.0.5
      is-plain-obj: 4.0.0
      trough: 2.0.2
      vfile: 5.1.0
    dev: false

  /unist-util-find-after/4.0.0:
    resolution: {integrity: sha512-gfpsxKQde7atVF30n5Gff2fQhAc4/HTOV4CvkXpTg9wRfQhZWdXitpyXHWB6YcYgnsxLx+4gGHeVjCTAAp9sjw==}
    dependencies:
      '@types/unist': 2.0.6
      unist-util-is: 5.1.1
    dev: false

  /unist-util-is/5.1.1:
    resolution: {integrity: sha512-F5CZ68eYzuSvJjGhCLPL3cYx45IxkqXSetCcRgUXtbcm50X2L9oOWQlfUfDdAf+6Pd27YDblBfdtmsThXmwpbQ==}
    dev: false

  /unist-util-stringify-position/3.0.0:
    resolution: {integrity: sha512-SdfAl8fsDclywZpfMDTVDxA2V7LjtRDTOFd44wUJamgl6OlVngsqWjxvermMYf60elWHbxhuRCZml7AnuXCaSA==}
    dependencies:
      '@types/unist': 2.0.6
    dev: false

  /unist-util-visit-parents/5.1.0:
    resolution: {integrity: sha512-y+QVLcY5eR/YVpqDsLf/xh9R3Q2Y4HxkZTp7ViLDU6WtJCEcPmRzW1gpdWDCDIqIlhuPDXOgttqPlykrHYDekg==}
    dependencies:
      '@types/unist': 2.0.6
      unist-util-is: 5.1.1
    dev: false

  /unist-util-visit/4.1.0:
    resolution: {integrity: sha512-n7lyhFKJfVZ9MnKtqbsqkQEk5P1KShj0+//V7mAcoI6bpbUjh3C/OG8HVD+pBihfh6Ovl01m8dkcv9HNqYajmQ==}
    dependencies:
      '@types/unist': 2.0.6
      unist-util-is: 5.1.1
      unist-util-visit-parents: 5.1.0
    dev: false

  /unpipe/1.0.0:
    resolution: {integrity: sha1-sr9O6FFKrmFltIF4KdIbLvSZBOw=}
    engines: {node: '>= 0.8'}
    dev: false

  /vary/1.1.2:
    resolution: {integrity: sha1-IpnwLG3tMNSllhsLn3RSShj2NPw=}
    engines: {node: '>= 0.8'}
    dev: false

  /vfile-location/4.0.1:
    resolution: {integrity: sha512-JDxPlTbZrZCQXogGheBHjbRWjESSPEak770XwWPfw5mTc1v1nWGLB/apzZxsx8a0SJVfF8HK8ql8RD308vXRUw==}
    dependencies:
      '@types/unist': 2.0.6
      vfile: 5.1.0
    dev: false

  /vfile-message/3.0.2:
    resolution: {integrity: sha512-UUjZYIOg9lDRwwiBAuezLIsu9KlXntdxwG+nXnjuQAHvBpcX3x0eN8h+I7TkY5nkCXj+cWVp4ZqebtGBvok8ww==}
    dependencies:
      '@types/unist': 2.0.6
      unist-util-stringify-position: 3.0.0
    dev: false

  /vfile/5.1.0:
    resolution: {integrity: sha512-4o7/DJjEaFPYSh0ckv5kcYkJTHQgCKdL8ozMM1jLAxO9ox95IzveDPXCZp08HamdWq8JXTkClDvfAKaeLQeKtg==}
    dependencies:
      '@types/unist': 2.0.6
      is-buffer: 2.0.5
      unist-util-stringify-position: 3.0.0
      vfile-message: 3.0.2
    dev: false

  /web-namespaces/2.0.0:
    resolution: {integrity: sha512-dE7ELZRVWh0ceQsRgkjLgsAvwTuv3kcjSY/hLjqL0llleUlQBDjE9JkB9FCBY5F2mnFEwiyJoowl8+NVGHe8dw==}
    dev: false

  /ylru/1.2.1:
    resolution: {integrity: sha512-faQrqNMzcPCHGVC2aaOINk13K+aaBDUPjGWl0teOXywElLjyVAB6Oe2jj62jHYtwsU49jXhScYbvPENK+6zAvQ==}
    engines: {node: '>= 4.0.0'}
    dev: false

  /yn/3.1.1:
    resolution: {integrity: sha512-Ux4ygGWsu2c7isFWe8Yu1YluJmqVhxqK2cLXNQA5AcC3QfbGNpM7fu0Y8b/z16pXLnFxZYvWhd3fhBY9DLmC6Q==}
    engines: {node: '>=6'}
    dev: true

  /zwitch/2.0.2:
    resolution: {integrity: sha512-JZxotl7SxAJH0j7dN4pxsTV6ZLXoLdGME+PsjkL/DaBrVryK9kTGq06GfKrwcSOqypP+fdXGoCHE36b99fWVoA==}
    dev: false
